// !$*UTF8*$!
{
	archiveVersion = 1;
	classes = {
	};
	objectVersion = 46;
	objects = {

/* Begin PBXBuildFile section */
		A23DDDE81B666FD5005A4191 /* main.m in Sources */ = {isa = PBXBuildFile; fileRef = A23DDDE71B666FD5005A4191 /* main.m */; };
		A23DDDEB1B666FD5005A4191 /* AppDelegate.m in Sources */ = {isa = PBXBuildFile; fileRef = A23DDDEA1B666FD5005A4191 /* AppDelegate.m */; };
		A23DDDED1B666FD5005A4191 /* Images.xcassets in Resources */ = {isa = PBXBuildFile; fileRef = A23DDDEC1B666FD5005A4191 /* Images.xcassets */; };
		A23DDDF01B666FD5005A4191 /* LaunchScreen.xib in Resources */ = {isa = PBXBuildFile; fileRef = A23DDDEE1B666FD5005A4191 /* LaunchScreen.xib */; };
		A23DDDFC1B666FD5005A4191 /* UILabelTests.m in Sources */ = {isa = PBXBuildFile; fileRef = A23DDDFB1B666FD5005A4191 /* UILabelTests.m */; };
/* End PBXBuildFile section */

/* Begin PBXContainerItemProxy section */
		A23DDDF61B666FD5005A4191 /* PBXContainerItemProxy */ = {
			isa = PBXContainerItemProxy;
			containerPortal = A23DDDDA1B666FD5005A4191 /* Project object */;
			proxyType = 1;
			remoteGlobalIDString = A23DDDE11B666FD5005A4191;
			remoteInfo = UILabel;
		};
/* End PBXContainerItemProxy section */

/* Begin PBXFileReference section */
		A23DDDE21B666FD5005A4191 /* UILabel.app */ = {isa = PBXFileReference; explicitFileType = wrapper.application; includeInIndex = 0; path = UILabel.app; sourceTree = BUILT_PRODUCTS_DIR; };
		A23DDDE61B666FD5005A4191 /* Info.plist */ = {isa = PBXFileReference; lastKnownFileType = text.plist.xml; path = Info.plist; sourceTree = "<group>"; };
		A23DDDE71B666FD5005A4191 /* main.m */ = {isa = PBXFileReference; lastKnownFileType = sourcecode.c.objc; path = main.m; sourceTree = "<group>"; };
		A23DDDE91B666FD5005A4191 /* AppDelegate.h */ = {isa = PBXFileReference; lastKnownFileType = sourcecode.c.h; path = AppDelegate.h; sourceTree = "<group>"; };
		A23DDDEA1B666FD5005A4191 /* AppDelegate.m */ = {isa = PBXFileReference; lastKnownFileType = sourcecode.c.objc; path = AppDelegate.m; sourceTree = "<group>"; };
		A23DDDEC1B666FD5005A4191 /* Images.xcassets */ = {isa = PBXFileReference; lastKnownFileType = folder.assetcatalog; path = Images.xcassets; sourceTree = "<group>"; };
		A23DDDEF1B666FD5005A4191 /* Base */ = {isa = PBXFileReference; lastKnownFileType = file.xib; name = Base; path = Base.lproj/LaunchScreen.xib; sourceTree = "<group>"; };
		A23DDDF51B666FD5005A4191 /* UILabelTests.xctest */ = {isa = PBXFileReference; explicitFileType = wrapper.cfbundle; includeInIndex = 0; path = UILabelTests.xctest; sourceTree = BUILT_PRODUCTS_DIR; };
		A23DDDFA1B666FD5005A4191 /* Info.plist */ = {isa = PBXFileReference; lastKnownFileType = text.plist.xml; path = Info.plist; sourceTree = "<group>"; };
		A23DDDFB1B666FD5005A4191 /* UILabelTests.m */ = {isa = PBXFileReference; lastKnownFileType = sourcecode.c.objc; path = UILabelTests.m; sourceTree = "<group>"; };
/* End PBXFileReference section */

/* Begin PBXFrameworksBuildPhase section */
		A23DDDDF1B666FD5005A4191 /* Frameworks */ = {
			isa = PBXFrameworksBuildPhase;
			buildActionMask = 2147483647;
			files = (
			);
			runOnlyForDeploymentPostprocessing = 0;
		};
		A23DDDF21B666FD5005A4191 /* Frameworks */ = {
			isa = PBXFrameworksBuildPhase;
			buildActionMask = 2147483647;
			files = (
			);
			runOnlyForDeploymentPostprocessing = 0;
		};
/* End PBXFrameworksBuildPhase section */

/* Begin PBXGroup section */
		A23DDDD91B666FD5005A4191 = {
			isa = PBXGroup;
			children = (
				A23DDDE41B666FD5005A4191 /* UILabel */,
				A23DDDF81B666FD5005A4191 /* UILabelTests */,
				A23DDDE31B666FD5005A4191 /* Products */,
			);
			sourceTree = "<group>";
		};
		A23DDDE31B666FD5005A4191 /* Products */ = {
			isa = PBXGroup;
			children = (
				A23DDDE21B666FD5005A4191 /* UILabel.app */,
				A23DDDF51B666FD5005A4191 /* UILabelTests.xctest */,
			);
			name = Products;
			sourceTree = "<group>";
		};
		A23DDDE41B666FD5005A4191 /* UILabel */ = {
			isa = PBXGroup;
			children = (
				A23DDDE91B666FD5005A4191 /* AppDelegate.h */,
				A23DDDEA1B666FD5005A4191 /* AppDelegate.m */,
				A23DDDEC1B666FD5005A4191 /* Images.xcassets */,
				A23DDDEE1B666FD5005A4191 /* LaunchScreen.xib */,
				A23DDDE51B666FD5005A4191 /* Supporting Files */,
			);
			path = UILabel;
			sourceTree = "<group>";
		};
		A23DDDE51B666FD5005A4191 /* Supporting Files */ = {
			isa = PBXGroup;
			children = (
				A23DDDE61B666FD5005A4191 /* Info.plist */,
				A23DDDE71B666FD5005A4191 /* main.m */,
			);
			name = "Supporting Files";
			sourceTree = "<group>";
		};
		A23DDDF81B666FD5005A4191 /* UILabelTests */ = {
			isa = PBXGroup;
			children = (
				A23DDDFB1B666FD5005A4191 /* UILabelTests.m */,
				A23DDDF91B666FD5005A4191 /* Supporting Files */,
			);
			path = UILabelTests;
			sourceTree = "<group>";
		};
		A23DDDF91B666FD5005A4191 /* Supporting Files */ = {
			isa = PBXGroup;
			children = (
				A23DDDFA1B666FD5005A4191 /* Info.plist */,
			);
			name = "Supporting Files";
			sourceTree = "<group>";
		};
/* End PBXGroup section */

/* Begin PBXNativeTarget section */
		A23DDDE11B666FD5005A4191 /* UILabel */ = {
			isa = PBXNativeTarget;
			buildConfigurationList = A23DDDFF1B666FD5005A4191 /* Build configuration list for PBXNativeTarget "UILabel" */;
			buildPhases = (
				A23DDDDE1B666FD5005A4191 /* Sources */,
				A23DDDDF1B666FD5005A4191 /* Frameworks */,
				A23DDDE01B666FD5005A4191 /* Resources */,
			);
			buildRules = (
			);
			dependencies = (
			);
			name = UILabel;
			productName = UILabel;
			productReference = A23DDDE21B666FD5005A4191 /* UILabel.app */;
			productType = "com.apple.product-type.application";
		};
		A23DDDF41B666FD5005A4191 /* UILabelTests */ = {
			isa = PBXNativeTarget;
			buildConfigurationList = A23DDE021B666FD5005A4191 /* Build configuration list for PBXNativeTarget "UILabelTests" */;
			buildPhases = (
				A23DDDF11B666FD5005A4191 /* Sources */,
				A23DDDF21B666FD5005A4191 /* Frameworks */,
				A23DDDF31B666FD5005A4191 /* Resources */,
			);
			buildRules = (
			);
			dependencies = (
				A23DDDF71B666FD5005A4191 /* PBXTargetDependency */,
			);
			name = UILabelTests;
			productName = UILabelTests;
			productReference = A23DDDF51B666FD5005A4191 /* UILabelTests.xctest */;
			productType = "com.apple.product-type.bundle.unit-test";
		};
/* End PBXNativeTarget section */

/* Begin PBXProject section */
		A23DDDDA1B666FD5005A4191 /* Project object */ = {
			isa = PBXProject;
			attributes = {
				LastUpgradeCheck = 0630;
				ORGANIZATIONNAME = LH;
				TargetAttributes = {
					A23DDDE11B666FD5005A4191 = {
						CreatedOnToolsVersion = 6.3.2;
					};
					A23DDDF41B666FD5005A4191 = {
						CreatedOnToolsVersion = 6.3.2;
						TestTargetID = A23DDDE11B666FD5005A4191;
					};
				};
			};
			buildConfigurationList = A23DDDDD1B666FD5005A4191 /* Build configuration list for PBXProject "UILabel" */;
			compatibilityVersion = "Xcode 3.2";
			developmentRegion = English;
			hasScannedForEncodings = 0;
			knownRegions = (
				en,
				Base,
			);
			mainGroup = A23DDDD91B666FD5005A4191;
			productRefGroup = A23DDDE31B666FD5005A4191 /* Products */;
			projectDirPath = "";
			projectRoot = "";
			targets = (
				A23DDDE11B666FD5005A4191 /* UILabel */,
				A23DDDF41B666FD5005A4191 /* UILabelTests */,
			);
		};
/* End PBXProject section */

/* Begin PBXResourcesBuildPhase section */
		A23DDDE01B666FD5005A4191 /* Resources */ = {
			isa = PBXResourcesBuildPhase;
			buildActionMask = 2147483647;
			files = (
				A23DDDF01B666FD5005A4191 /* LaunchScreen.xib in Resources */,
				A23DDDED1B666FD5005A4191 /* Images.xcassets in Resources */,
			);
			runOnlyForDeploymentPostprocessing = 0;
		};
		A23DDDF31B666FD5005A4191 /* Resources */ = {
			isa = PBXResourcesBuildPhase;
			buildActionMask = 2147483647;
			files = (
			);
			runOnlyForDeploymentPostprocessing = 0;
		};
/* End PBXResourcesBuildPhase section */

/* Begin PBXSourcesBuildPhase section */
		A23DDDDE1B666FD5005A4191 /* Sources */ = {
			isa = PBXSourcesBuildPhase;
			buildActionMask = 2147483647;
			files = (
				A23DDDEB1B666FD5005A4191 /* AppDelegate.m in Sources */,
				A23DDDE81B666FD5005A4191 /* main.m in Sources */,
			);
			runOnlyForDeploymentPostprocessing = 0;
		};
		A23DDDF11B666FD5005A4191 /* Sources */ = {
			isa = PBXSourcesBuildPhase;
			buildActionMask = 2147483647;
			files = (
				A23DDDFC1B666FD5005A4191 /* UILabelTests.m in Sources */,
			);
			runOnlyForDeploymentPostprocessing = 0;
		};
/* End PBXSourcesBuildPhase section */

/* Begin PBXTargetDependency section */
		A23DDDF71B666FD5005A4191 /* PBXTargetDependency */ = {
			isa = PBXTargetDependency;
			target = A23DDDE11B666FD5005A4191 /* UILabel */;
			targetProxy = A23DDDF61B666FD5005A4191 /* PBXContainerItemProxy */;
		};
/* End PBXTargetDependency section */

/* Begin PBXVariantGroup section */
		A23DDDEE1B666FD5005A4191 /* LaunchScreen.xib */ = {
			isa = PBXVariantGroup;
			children = (
				A23DDDEF1B666FD5005A4191 /* Base */,
			);
			name = LaunchScreen.xib;
			sourceTree = "<group>";
		};
/* End PBXVariantGroup section */

/* Begin XCBuildConfiguration section */
		A23DDDFD1B666FD5005A4191 /* Debug */ = {
			isa = XCBuildConfiguration;
			buildSettings = {
				ALWAYS_SEARCH_USER_PATHS = NO;
				CLANG_CXX_LANGUAGE_STANDARD = "gnu++0x";
				CLANG_CXX_LIBRARY = "libc++";
				CLANG_ENABLE_MODULES = YES;
				CLANG_ENABLE_OBJC_ARC = NO;
				CLANG_WARN_BOOL_CONVERSION = YES;
				CLANG_WARN_CONSTANT_CONVERSION = YES;
				CLANG_WARN_DIRECT_OBJC_ISA_USAGE = YES_ERROR;
				CLANG_WARN_EMPTY_BODY = YES;
				CLANG_WARN_ENUM_CONVERSION = YES;
				CLANG_WARN_INT_CONVERSION = YES;
				CLANG_WARN_OBJC_ROOT_CLASS = YES_ERROR;
				CLANG_WARN_UNREACHABLE_CODE = YES;
				CLANG_WARN__DUPLICATE_METHOD_MATCH = YES;
				"CODE_SIGN_IDENTITY[sdk=iphoneos*]" = "iPhone Developer";
				COPY_PHASE_STRIP = NO;
				DEBUG_INFORMATION_FORMAT = "dwarf-with-dsym";
				ENABLE_STRICT_OBJC_MSGSEND = YES;
				GCC_C_LANGUAGE_STANDARD = gnu99;
				GCC_DYNAMIC_NO_PIC = NO;
				GCC_NO_COMMON_BLOCKS = YES;
				GCC_OPTIMIZATION_LEVEL = 0;
				GCC_PREPROCESSOR_DEFINITIONS = (
					"DEBUG=1",
					"$(inherited)",
				);
				GCC_SYMBOLS_PRIVATE_EXTERN = NO;
				GCC_WARN_64_TO_32_BIT_CONVERSION = YES;
				GCC_WARN_ABOUT_RETURN_TYPE = YES_ERROR;
				GCC_WARN_UNDECLARED_SELECTOR = YES;
				GCC_WARN_UNINITIALIZED_AUTOS = YES_AGGRESSIVE;
				GCC_WARN_UNUSED_FUNCTION = YES;
				GCC_WARN_UNUSED_VARIABLE = YES;
				IPHONEOS_DEPLOYMENT_TARGET = 8.3;
				MTL_ENABLE_DEBUG_INFO = YES;
				ONLY_ACTIVE_ARCH = YES;
				SDKROOT = iphoneos;
			};
			name = Debug;
		};
		A23DDDFE1B666FD5005A4191 /* Release */ = {
			isa = XCBuildConfiguration;
			buildSettings = {
				ALWAYS_SEARCH_USER_PATHS = NO;
				CLANG_CXX_LANGUAGE_STANDARD = "gnu++0x";
				CLANG_CXX_LIBRARY = "libc++";
				CLANG_ENABLE_MODULES = YES;
				CLANG_ENABLE_OBJC_ARC = NO;
				CLANG_WARN_BOOL_CONVERSION = YES;
				CLANG_WARN_CONSTANT_CONVERSION = YES;
				CLANG_WARN_DIRECT_OBJC_ISA_USAGE = YES_ERROR;
				CLANG_WARN_EMPTY_BODY = YES;
				CLANG_WARN_ENUM_CONVERSION = YES;
				CLANG_WARN_INT_CONVERSION = YES;
				CLANG_WARN_OBJC_ROOT_CLASS = YES_ERROR;
				CLANG_WARN_UNREACHABLE_CODE = YES;
				CLANG_WARN__DUPLICATE_METHOD_MATCH = YES;
				"CODE_SIGN_IDENTITY[sdk=iphoneos*]" = "iPhone Developer";
				COPY_PHASE_STRIP = NO;
				DEBUG_INFORMATION_FORMAT = "dwarf-with-dsym";
				ENABLE_NS_ASSERTIONS = NO;
				ENABLE_STRICT_OBJC_MSGSEND = YES;
				GCC_C_LANGUAGE_STANDARD = gnu99;
				GCC_NO_COMMON_BLOCKS = YES;
				GCC_WARN_64_TO_32_BIT_CONVERSION = YES;
				GCC_WARN_ABOUT_RETURN_TYPE = YES_ERROR;
				GCC_WARN_UNDECLARED_SELECTOR = YES;
				GCC_WARN_UNINITIALIZED_AUTOS = YES_AGGRESSIVE;
				GCC_WARN_UNUSED_FUNCTION = YES;
				GCC_WARN_UNUSED_VARIABLE = YES;
				IPHONEOS_DEPLOYMENT_TARGET = 8.3;
				MTL_ENABLE_DEBUG_INFO = NO;
				SDKROOT = iphoneos;
				VALIDATE_PRODUCT = YES;
			};
			name = Release;
		};
		A23DDE001B666FD5005A4191 /* Debug */ = {
			isa = XCBuildConfiguration;
			buildSettings = {
				ASSETCATALOG_COMPILER_APPICON_NAME = AppIcon;
				INFOPLIST_FILE = UILabel/Info.plist;
				IPHONEOS_DEPLOYMENT_TARGET = 7.1;
				LD_RUNPATH_SEARCH_PATHS = "$(inherited) @executable_path/Frameworks";
				PRODUCT_NAME = "$(TARGET_NAME)";
				TARGETED_DEVICE_FAMILY = 1;
			};
			name = Debug;
		};
		A23DDE011B666FD5005A4191 /* Release */ = {
			isa = XCBuildConfiguration;
			buildSettings = {
				ASSETCATALOG_COMPILER_APPICON_NAME = AppIcon;
				INFOPLIST_FILE = UILabel/Info.plist;
				IPHONEOS_DEPLOYMENT_TARGET = 7.1;
				LD_RUNPATH_SEARCH_PATHS = "$(inherited) @executable_path/Frameworks";
				PRODUCT_NAME = "$(TARGET_NAME)";
				TARGETED_DEVICE_FAMILY = 1;
			};
			name = Release;
		};
		A23DDE031B666FD5005A4191 /* Debug */ = {
			isa = XCBuildConfiguration;
			buildSettings = {
				BUNDLE_LOADER = "$(TEST_HOST)";
				FRAMEWORK_SEARCH_PATHS = (
					"$(SDKROOT)/Developer/Library/Frameworks",
					"$(inherited)",
				);
				GCC_PREPROCESSOR_DEFINITIONS = (
					"DEBUG=1",
					"$(inherited)",
				);
				INFOPLIST_FILE = UILabelTests/Info.plist;
				LD_RUNPATH_SEARCH_PATHS = "$(inherited) @executable_path/Frameworks @loader_path/Frameworks";
				PRODUCT_NAME = "$(TARGET_NAME)";
				TEST_HOST = "$(BUILT_PRODUCTS_DIR)/UILabel.app/UILabel";
			};
			name = Debug;
		};
		A23DDE041B666FD5005A4191 /* Release */ = {
			isa = XCBuildConfiguration;
			buildSettings = {
				BUNDLE_LOADER = "$(TEST_HOST)";
				FRAMEWORK_SEARCH_PATHS = (
					"$(SDKROOT)/Developer/Library/Frameworks",
					"$(inherited)",
				);
				INFOPLIST_FILE = UILabelTests/Info.plist;
				LD_RUNPATH_SEARCH_PATHS = "$(inherited) @executable_path/Frameworks @loader_path/Frameworks";
				PRODUCT_NAME = "$(TARGET_NAME)";
				TEST_HOST = "$(BUILT_PRODUCTS_DIR)/UILabel.app/UILabel";
			};
			name = Release;
		};
/* End XCBuildConfiguration section */

/* Begin XCConfigurationList section */
		A23DDDDD1B666FD5005A4191 /* Build configuration list for PBXProject "UILabel" */ = {
			isa = XCConfigurationList;
			buildConfigurations = (
				A23DDDFD1B666FD5005A4191 /* Debug */,
				A23DDDFE1B666FD5005A4191 /* Release */,
			);
			defaultConfigurationIsVisible = 0;
			defaultConfigurationName = Release;
		};
		A23DDDFF1B666FD5005A4191 /* Build configuration list for PBXNativeTarget "UILabel" */ = {
			isa = XCConfigurationList;
			buildConfigurations = (
				A23DDE001B666FD5005A4191 /* Debug */,
				A23DDE011B666FD5005A4191 /* Release */,
			);
			defaultConfigurationIsVisible = 0;
		};
		A23DDE021B666FD5005A4191 /* Build configuration list for PBXNativeTarget "UILabelTests" */ = {
			isa = XCConfigurationList;
			buildConfigurations = (
				A23DDE031B666FD5005A4191 /* Debug */,
				A23DDE041B666FD5005A4191 /* Release */,
			);
			defaultConfigurationIsVisible = 0;
		};
/* End XCConfigurationList section */
	};
	rootObject = A23DDDDA1B666FD5005A4191 /* Project object */;
}
